
Microsoft Visual Studio Solution File, Format Version 12.00
# Visual Studio Version 17
VisualStudioVersion = 17.5.33414.496
MinimumVisualStudioVersion = 10.0.40219.1
Project("{FAE04EC0-301F-11D3-BF4B-00C04F79EFBC}") = "Console_Odev_2", "Console_Odev_2\Console_Odev_2.csproj", "{3C479F4E-0CF4-4F0A-9D64-3317ACAD6D78}"
EndProject
Global
	GlobalSection(SolutionConfigurationPlatforms) = preSolution
		Debug|Any CPU = Debug|Any CPU
		Release|Any CPU = Release|Any CPU
	EndGlobalSection
	GlobalSection(ProjectConfigurationPlatforms) = postSolution
		{3C479F4E-0CF4-4F0A-9D64-3317ACAD6D78}.Debug|Any CPU.ActiveCfg = Debug|Any CPU
		{3C479F4E-0CF4-4F0A-9D64-3317ACAD6D78}.Debug|Any CPU.Build.0 = Debug|Any CPU
		{3C479F4E-0CF4-4F0A-9D64-3317ACAD6D78}.Release|Any CPU.ActiveCfg = Release|Any CPU
		{3C479F4E-0CF4-4F0A-9D64-3317ACAD6D78}.Release|Any CPU.Build.0 = Release|Any CPU
	EndGlobalSection
	GlobalSection(SolutionProperties) = preSolution
		HideSolutionNode = FALSE
	EndGlobalSection
	GlobalSection(ExtensibilityGlobals) = postSolution
		SolutionGuid = {98F20277-3EFD-4FE9-B5B0-0E523F2A2F61}
	EndGlobalSection
EndGlobal
